
Microsoft Visual Studio Solution File, Format Version 12.00
# Visual Studio Version 17
VisualStudioVersion = 17.14.36414.22 d17.14
MinimumVisualStudioVersion = 10.0.40219.1
Project("{FAE04EC0-301F-11D3-BF4B-00C04F79EFBC}") = "SystemIntegration", "SystemIntegration\SystemIntegration.csproj", "{56830E79-0DC4-4F45-89B1-93081725E3A0}"
EndProject
Global
	GlobalSection(SolutionConfigurationPlatforms) = preSolution
		Debug|Any CPU = Debug|Any CPU
		Release|Any CPU = Release|Any CPU
	EndGlobalSection
	GlobalSection(ProjectConfigurationPlatforms) = postSolution
		{56830E79-0DC4-4F45-89B1-93081725E3A0}.Debug|Any CPU.ActiveCfg = Debug|Any CPU
		{56830E79-0DC4-4F45-89B1-93081725E3A0}.Debug|Any CPU.Build.0 = Debug|Any CPU
		{56830E79-0DC4-4F45-89B1-93081725E3A0}.Release|Any CPU.ActiveCfg = Release|Any CPU
		{56830E79-0DC4-4F45-89B1-93081725E3A0}.Release|Any CPU.Build.0 = Release|Any CPU
	EndGlobalSection
	GlobalSection(SolutionProperties) = preSolution
		HideSolutionNode = FALSE
	EndGlobalSection
	GlobalSection(ExtensibilityGlobals) = postSolution
		SolutionGuid = {BC958E06-0103-480D-9197-068D815CCB6C}
	EndGlobalSection
EndGlobal
